
Microsoft Visual Studio Solution File, Format Version 12.00
# Visual Studio Version 16
VisualStudioVersion = 16.0.29709.97
MinimumVisualStudioVersion = 10.0.40219.1
Project("{8BC9CEB8-8B4A-11D0-8D11-00A0C91BC942}") = "Connect _4", "Connect _4\Connect _4.vcxproj", "{C8FB92E8-3F87-4B1D-AAF5-1DBF2873030E}"
EndProject
Global
	GlobalSection(SolutionConfigurationPlatforms) = preSolution
		Debug|x64 = Debug|x64
		Debug|x86 = Debug|x86
		Release|x64 = Release|x64
		Release|x86 = Release|x86
	EndGlobalSection
	GlobalSection(ProjectConfigurationPlatforms) = postSolution
		{C8FB92E8-3F87-4B1D-AAF5-1DBF2873030E}.Debug|x64.ActiveCfg = Debug|x64
		{C8FB92E8-3F87-4B1D-AAF5-1DBF2873030E}.Debug|x64.Build.0 = Debug|x64
		{C8FB92E8-3F87-4B1D-AAF5-1DBF2873030E}.Debug|x86.ActiveCfg = Debug|Win32
		{C8FB92E8-3F87-4B1D-AAF5-1DBF2873030E}.Debug|x86.Build.0 = Debug|Win32
		{C8FB92E8-3F87-4B1D-AAF5-1DBF2873030E}.Release|x64.ActiveCfg = Release|x64
		{C8FB92E8-3F87-4B1D-AAF5-1DBF2873030E}.Release|x64.Build.0 = Release|x64
		{C8FB92E8-3F87-4B1D-AAF5-1DBF2873030E}.Release|x86.ActiveCfg = Release|Win32
		{C8FB92E8-3F87-4B1D-AAF5-1DBF2873030E}.Release|x86.Build.0 = Release|Win32
	EndGlobalSection
	GlobalSection(SolutionProperties) = preSolution
		HideSolutionNode = FALSE
	EndGlobalSection
	GlobalSection(ExtensibilityGlobals) = postSolution
		SolutionGuid = {948A56FB-E3B7-414C-AC18-16010381D68B}
	EndGlobalSection
EndGlobal
