
Microsoft Visual Studio Solution File, Format Version 12.00
# Visual Studio Version 17
VisualStudioVersion = 17.3.32922.545
MinimumVisualStudioVersion = 10.0.40219.1
Project("{FAE04EC0-301F-11D3-BF4B-00C04F79EFBC}") = "Gamenet", "Gamenet\Gamenet.csproj", "{27F32EFD-9ADD-4C49-A7A1-B62C43790A9A}"
EndProject
Global
	GlobalSection(SolutionConfigurationPlatforms) = preSolution
		Debug|Any CPU = Debug|Any CPU
		Release|Any CPU = Release|Any CPU
	EndGlobalSection
	GlobalSection(ProjectConfigurationPlatforms) = postSolution
		{27F32EFD-9ADD-4C49-A7A1-B62C43790A9A}.Debug|Any CPU.ActiveCfg = Debug|Any CPU
		{27F32EFD-9ADD-4C49-A7A1-B62C43790A9A}.Debug|Any CPU.Build.0 = Debug|Any CPU
		{27F32EFD-9ADD-4C49-A7A1-B62C43790A9A}.Release|Any CPU.ActiveCfg = Release|Any CPU
		{27F32EFD-9ADD-4C49-A7A1-B62C43790A9A}.Release|Any CPU.Build.0 = Release|Any CPU
	EndGlobalSection
	GlobalSection(SolutionProperties) = preSolution
		HideSolutionNode = FALSE
	EndGlobalSection
	GlobalSection(ExtensibilityGlobals) = postSolution
		SolutionGuid = {A692E88B-2175-4EDA-A7A0-2A32E9BBCBDF}
	EndGlobalSection
EndGlobal
