
Microsoft Visual Studio Solution File, Format Version 12.00
# Visual Studio Version 16
VisualStudioVersion = 16.0.30907.101
MinimumVisualStudioVersion = 10.0.40219.1
Project("{9A19103F-16F7-4668-BE54-9A1E7A4F7556}") = "SONICMOD", "SONICMOD.csproj", "{22FF4351-1872-4747-8906-F68BC1A89A6A}"
EndProject
Global
	GlobalSection(SolutionConfigurationPlatforms) = preSolution
		Debug|Any CPU = Debug|Any CPU
		Release|Any CPU = Release|Any CPU
	EndGlobalSection
	GlobalSection(ProjectConfigurationPlatforms) = postSolution
		{22FF4351-1872-4747-8906-F68BC1A89A6A}.Debug|Any CPU.ActiveCfg = Debug|Any CPU
		{22FF4351-1872-4747-8906-F68BC1A89A6A}.Debug|Any CPU.Build.0 = Debug|Any CPU
		{22FF4351-1872-4747-8906-F68BC1A89A6A}.Release|Any CPU.ActiveCfg = Release|Any CPU
		{22FF4351-1872-4747-8906-F68BC1A89A6A}.Release|Any CPU.Build.0 = Release|Any CPU
	EndGlobalSection
	GlobalSection(SolutionProperties) = preSolution
		HideSolutionNode = FALSE
	EndGlobalSection
	GlobalSection(ExtensibilityGlobals) = postSolution
		SolutionGuid = {9F7F6955-16F4-4D2D-9435-CB103201A672}
	EndGlobalSection
EndGlobal
